
Microsoft Visual Studio Solution File, Format Version 12.00
# Visual Studio Version 17
VisualStudioVersion = 17.9.34607.119
MinimumVisualStudioVersion = 10.0.40219.1
Project("{FAE04EC0-301F-11D3-BF4B-00C04F79EFBC}") = "ptsproject", "ptsproject\ptsproject.csproj", "{CE4288B3-8443-4191-A8AA-4CEF3ED0B61D}"
EndProject
Global
	GlobalSection(SolutionConfigurationPlatforms) = preSolution
		Debug|Any CPU = Debug|Any CPU
		Release|Any CPU = Release|Any CPU
	EndGlobalSection
	GlobalSection(ProjectConfigurationPlatforms) = postSolution
		{CE4288B3-8443-4191-A8AA-4CEF3ED0B61D}.Debug|Any CPU.ActiveCfg = Debug|Any CPU
		{CE4288B3-8443-4191-A8AA-4CEF3ED0B61D}.Debug|Any CPU.Build.0 = Debug|Any CPU
		{CE4288B3-8443-4191-A8AA-4CEF3ED0B61D}.Release|Any CPU.ActiveCfg = Release|Any CPU
		{CE4288B3-8443-4191-A8AA-4CEF3ED0B61D}.Release|Any CPU.Build.0 = Release|Any CPU
	EndGlobalSection
	GlobalSection(SolutionProperties) = preSolution
		HideSolutionNode = FALSE
	EndGlobalSection
	GlobalSection(ExtensibilityGlobals) = postSolution
		SolutionGuid = {003ACB76-B1B2-4057-9F81-DC0A954FE5BF}
	EndGlobalSection
EndGlobal
